// !$*UTF8*$!
{
	archiveVersion = 1;
	classes = {
	};
	objectVersion = 55;
	objects = {

/* Begin PBXBuildFile section */
		C14FA94527A212A500E875C7 /* ImageSearchApp.swift in Sources */ = {isa = PBXBuildFile; fileRef = C14FA94427A212A500E875C7 /* ImageSearchApp.swift */; };
		C14FA94727A212A500E875C7 /* ContentView.swift in Sources */ = {isa = PBXBuildFile; fileRef = C14FA94627A212A500E875C7 /* ContentView.swift */; };
		C14FA94927A212A700E875C7 /* Assets.xcassets in Resources */ = {isa = PBXBuildFile; fileRef = C14FA94827A212A700E875C7 /* Assets.xcassets */; };
		C14FA94C27A212A700E875C7 /* Preview Assets.xcassets in Resources */ = {isa = PBXBuildFile; fileRef = C14FA94B27A212A700E875C7 /* Preview Assets.xcassets */; };
		C14FA95627A212A800E875C7 /* ImageSearchTests.swift in Sources */ = {isa = PBXBuildFile; fileRef = C14FA95527A212A800E875C7 /* ImageSearchTests.swift */; };
		C14FA96027A212A800E875C7 /* ImageSearchUITests.swift in Sources */ = {isa = PBXBuildFile; fileRef = C14FA95F27A212A800E875C7 /* ImageSearchUITests.swift */; };
		C14FA96227A212A800E875C7 /* ImageSearchUITestsLaunchTests.swift in Sources */ = {isa = PBXBuildFile; fileRef = C14FA96127A212A800E875C7 /* ImageSearchUITestsLaunchTests.swift */; };
		C14FA96F27A212F100E875C7 /* ImgurService.swift in Sources */ = {isa = PBXBuildFile; fileRef = C14FA96E27A212F100E875C7 /* ImgurService.swift */; };
		C14FA97127A337F300E875C7 /* ViewModel.swift in Sources */ = {isa = PBXBuildFile; fileRef = C14FA97027A337F300E875C7 /* ViewModel.swift */; };
		C14FA97327A338FE00E875C7 /* ImgurImage.swift in Sources */ = {isa = PBXBuildFile; fileRef = C14FA97227A338FE00E875C7 /* ImgurImage.swift */; };
		C14FA97527A33B0700E875C7 /* ImgurPost.swift in Sources */ = {isa = PBXBuildFile; fileRef = C14FA97427A33B0700E875C7 /* ImgurPost.swift */; };
		C14FA97727A34A0800E875C7 /* NiceImageView.swift in Sources */ = {isa = PBXBuildFile; fileRef = C14FA97627A34A0800E875C7 /* NiceImageView.swift */; };
		C14FA97C27A355F700E875C7 /* DetailedImageView.swift in Sources */ = {isa = PBXBuildFile; fileRef = C14FA97B27A355F700E875C7 /* DetailedImageView.swift */; };
/* End PBXBuildFile section */

/* Begin PBXContainerItemProxy section */
		C14FA95227A212A800E875C7 /* PBXContainerItemProxy */ = {
			isa = PBXContainerItemProxy;
			containerPortal = C14FA93927A212A500E875C7 /* Project object */;
			proxyType = 1;
			remoteGlobalIDString = C14FA94027A212A500E875C7;
			remoteInfo = "Image Search";
		};
		C14FA95C27A212A800E875C7 /* PBXContainerItemProxy */ = {
			isa = PBXContainerItemProxy;
			containerPortal = C14FA93927A212A500E875C7 /* Project object */;
			proxyType = 1;
			remoteGlobalIDString = C14FA94027A212A500E875C7;
			remoteInfo = "Image Search";
		};
/* End PBXContainerItemProxy section */

/* Begin PBXFileReference section */
		C14FA94127A212A500E875C7 /* ImageSearch.app */ = {isa = PBXFileReference; explicitFileType = wrapper.application; includeInIndex = 0; path = ImageSearch.app; sourceTree = BUILT_PRODUCTS_DIR; };
		C14FA94427A212A500E875C7 /* ImageSearchApp.swift */ = {isa = PBXFileReference; lastKnownFileType = sourcecode.swift; path = ImageSearchApp.swift; sourceTree = "<group>"; };
		C14FA94627A212A500E875C7 /* ContentView.swift */ = {isa = PBXFileReference; lastKnownFileType = sourcecode.swift; path = ContentView.swift; sourceTree = "<group>"; };
		C14FA94827A212A700E875C7 /* Assets.xcassets */ = {isa = PBXFileReference; lastKnownFileType = folder.assetcatalog; path = Assets.xcassets; sourceTree = "<group>"; };
		C14FA94B27A212A700E875C7 /* Preview Assets.xcassets */ = {isa = PBXFileReference; lastKnownFileType = folder.assetcatalog; path = "Preview Assets.xcassets"; sourceTree = "<group>"; };
		C14FA95127A212A800E875C7 /* ImageSearchTests.xctest */ = {isa = PBXFileReference; explicitFileType = wrapper.cfbundle; includeInIndex = 0; path = ImageSearchTests.xctest; sourceTree = BUILT_PRODUCTS_DIR; };
		C14FA95527A212A800E875C7 /* ImageSearchTests.swift */ = {isa = PBXFileReference; lastKnownFileType = sourcecode.swift; path = ImageSearchTests.swift; sourceTree = "<group>"; };
		C14FA95B27A212A800E875C7 /* ImageSearchUITests.xctest */ = {isa = PBXFileReference; explicitFileType = wrapper.cfbundle; includeInIndex = 0; path = ImageSearchUITests.xctest; sourceTree = BUILT_PRODUCTS_DIR; };
		C14FA95F27A212A800E875C7 /* ImageSearchUITests.swift */ = {isa = PBXFileReference; lastKnownFileType = sourcecode.swift; path = ImageSearchUITests.swift; sourceTree = "<group>"; };
		C14FA96127A212A800E875C7 /* ImageSearchUITestsLaunchTests.swift */ = {isa = PBXFileReference; lastKnownFileType = sourcecode.swift; path = ImageSearchUITestsLaunchTests.swift; sourceTree = "<group>"; };
		C14FA96E27A212F100E875C7 /* ImgurService.swift */ = {isa = PBXFileReference; lastKnownFileType = sourcecode.swift; path = ImgurService.swift; sourceTree = "<group>"; };
		C14FA97027A337F300E875C7 /* ViewModel.swift */ = {isa = PBXFileReference; lastKnownFileType = sourcecode.swift; path = ViewModel.swift; sourceTree = "<group>"; };
		C14FA97227A338FE00E875C7 /* ImgurImage.swift */ = {isa = PBXFileReference; lastKnownFileType = sourcecode.swift; path = ImgurImage.swift; sourceTree = "<group>"; };
		C14FA97427A33B0700E875C7 /* ImgurPost.swift */ = {isa = PBXFileReference; lastKnownFileType = sourcecode.swift; path = ImgurPost.swift; sourceTree = "<group>"; };
		C14FA97627A34A0800E875C7 /* NiceImageView.swift */ = {isa = PBXFileReference; lastKnownFileType = sourcecode.swift; path = NiceImageView.swift; sourceTree = "<group>"; };
		C14FA97827A353F300E875C7 /* Image-Search-Info.plist */ = {isa = PBXFileReference; lastKnownFileType = text.plist; path = "Image-Search-Info.plist"; sourceTree = SOURCE_ROOT; };
		C14FA97B27A355F700E875C7 /* DetailedImageView.swift */ = {isa = PBXFileReference; lastKnownFileType = sourcecode.swift; path = DetailedImageView.swift; sourceTree = "<group>"; };
		C14FA98027A3711000E875C7 /* README.md */ = {isa = PBXFileReference; lastKnownFileType = net.daringfireball.markdown; path = README.md; sourceTree = "<group>"; };
/* End PBXFileReference section */

/* Begin PBXFrameworksBuildPhase section */
		C14FA93E27A212A500E875C7 /* Frameworks */ = {
			isa = PBXFrameworksBuildPhase;
			buildActionMask = 2147483647;
			files = (
			);
			runOnlyForDeploymentPostprocessing = 0;
		};
		C14FA94E27A212A800E875C7 /* Frameworks */ = {
			isa = PBXFrameworksBuildPhase;
			buildActionMask = 2147483647;
			files = (
			);
			runOnlyForDeploymentPostprocessing = 0;
		};
		C14FA95827A212A800E875C7 /* Frameworks */ = {
			isa = PBXFrameworksBuildPhase;
			buildActionMask = 2147483647;
			files = (
			);
			runOnlyForDeploymentPostprocessing = 0;
		};
/* End PBXFrameworksBuildPhase section */

/* Begin PBXGroup section */
		C14FA93827A212A500E875C7 = {
			isa = PBXGroup;
			children = (
				C14FA98027A3711000E875C7 /* README.md */,
				C14FA94327A212A500E875C7 /* Image Search */,
				C14FA95427A212A800E875C7 /* ImageSearchTests */,
				C14FA95E27A212A800E875C7 /* ImageSearchUITests */,
				C14FA94227A212A500E875C7 /* Products */,
			);
			sourceTree = "<group>";
		};
		C14FA94227A212A500E875C7 /* Products */ = {
			isa = PBXGroup;
			children = (
				C14FA94127A212A500E875C7 /* ImageSearch.app */,
				C14FA95127A212A800E875C7 /* ImageSearchTests.xctest */,
				C14FA95B27A212A800E875C7 /* ImageSearchUITests.xctest */,
			);
			name = Products;
			sourceTree = "<group>";
		};
		C14FA94327A212A500E875C7 /* Image Search */ = {
			isa = PBXGroup;
			children = (
				C14FA97A27A354A400E875C7 /* Model */,
				C14FA97927A3548C00E875C7 /* Views */,
				C14FA97027A337F300E875C7 /* ViewModel.swift */,
				C14FA97827A353F300E875C7 /* Image-Search-Info.plist */,
				C14FA94427A212A500E875C7 /* ImageSearchApp.swift */,
				C14FA94827A212A700E875C7 /* Assets.xcassets */,
				C14FA94A27A212A700E875C7 /* Preview Content */,
			);
			path = "Image Search";
			sourceTree = "<group>";
		};
		C14FA94A27A212A700E875C7 /* Preview Content */ = {
			isa = PBXGroup;
			children = (
				C14FA94B27A212A700E875C7 /* Preview Assets.xcassets */,
			);
			path = "Preview Content";
			sourceTree = "<group>";
		};
		C14FA95427A212A800E875C7 /* ImageSearchTests */ = {
			isa = PBXGroup;
			children = (
				C14FA95527A212A800E875C7 /* ImageSearchTests.swift */,
			);
			path = ImageSearchTests;
			sourceTree = "<group>";
		};
		C14FA95E27A212A800E875C7 /* ImageSearchUITests */ = {
			isa = PBXGroup;
			children = (
				C14FA95F27A212A800E875C7 /* ImageSearchUITests.swift */,
				C14FA96127A212A800E875C7 /* ImageSearchUITestsLaunchTests.swift */,
			);
			path = ImageSearchUITests;
			sourceTree = "<group>";
		};
		C14FA97927A3548C00E875C7 /* Views */ = {
			isa = PBXGroup;
			children = (
				C14FA97627A34A0800E875C7 /* NiceImageView.swift */,
				C14FA94627A212A500E875C7 /* ContentView.swift */,
				C14FA97B27A355F700E875C7 /* DetailedImageView.swift */,
			);
			path = Views;
			sourceTree = "<group>";
		};
		C14FA97A27A354A400E875C7 /* Model */ = {
			isa = PBXGroup;
			children = (
				C14FA96E27A212F100E875C7 /* ImgurService.swift */,
				C14FA97427A33B0700E875C7 /* ImgurPost.swift */,
				C14FA97227A338FE00E875C7 /* ImgurImage.swift */,
			);
			path = Model;
			sourceTree = "<group>";
		};
/* End PBXGroup section */

/* Begin PBXNativeTarget section */
		C14FA94027A212A500E875C7 /* ImageSearch */ = {
			isa = PBXNativeTarget;
			buildConfigurationList = C14FA96527A212A800E875C7 /* Build configuration list for PBXNativeTarget "ImageSearch" */;
			buildPhases = (
				C14FA93D27A212A500E875C7 /* Sources */,
				C14FA93E27A212A500E875C7 /* Frameworks */,
				C14FA93F27A212A500E875C7 /* Resources */,
			);
			buildRules = (
			);
			dependencies = (
			);
			name = ImageSearch;
			productName = "Image Search";
			productReference = C14FA94127A212A500E875C7 /* ImageSearch.app */;
			productType = "com.apple.product-type.application";
		};
		C14FA95027A212A800E875C7 /* ImageSearchTests */ = {
			isa = PBXNativeTarget;
			buildConfigurationList = C14FA96827A212A800E875C7 /* Build configuration list for PBXNativeTarget "ImageSearchTests" */;
			buildPhases = (
				C14FA94D27A212A800E875C7 /* Sources */,
				C14FA94E27A212A800E875C7 /* Frameworks */,
				C14FA94F27A212A800E875C7 /* Resources */,
			);
			buildRules = (
			);
			dependencies = (
				C14FA95327A212A800E875C7 /* PBXTargetDependency */,
			);
			name = ImageSearchTests;
			productName = "Image SearchTests";
			productReference = C14FA95127A212A800E875C7 /* ImageSearchTests.xctest */;
			productType = "com.apple.product-type.bundle.unit-test";
		};
		C14FA95A27A212A800E875C7 /* ImageSearchUITests */ = {
			isa = PBXNativeTarget;
			buildConfigurationList = C14FA96B27A212A800E875C7 /* Build configuration list for PBXNativeTarget "ImageSearchUITests" */;
			buildPhases = (
				C14FA95727A212A800E875C7 /* Sources */,
				C14FA95827A212A800E875C7 /* Frameworks */,
				C14FA95927A212A800E875C7 /* Resources */,
			);
			buildRules = (
			);
			dependencies = (
				C14FA95D27A212A800E875C7 /* PBXTargetDependency */,
			);
			name = ImageSearchUITests;
			productName = "Image SearchUITests";
			productReference = C14FA95B27A212A800E875C7 /* ImageSearchUITests.xctest */;
			productType = "com.apple.product-type.bundle.ui-testing";
		};
/* End PBXNativeTarget section */

/* Begin PBXProject section */
		C14FA93927A212A500E875C7 /* Project object */ = {
			isa = PBXProject;
			attributes = {
				BuildIndependentTargetsInParallel = 1;
				LastSwiftUpdateCheck = 1320;
				LastUpgradeCheck = 1320;
				TargetAttributes = {
					C14FA94027A212A500E875C7 = {
						CreatedOnToolsVersion = 13.2.1;
					};
					C14FA95027A212A800E875C7 = {
						CreatedOnToolsVersion = 13.2.1;
						TestTargetID = C14FA94027A212A500E875C7;
					};
					C14FA95A27A212A800E875C7 = {
						CreatedOnToolsVersion = 13.2.1;
						TestTargetID = C14FA94027A212A500E875C7;
					};
				};
			};
			buildConfigurationList = C14FA93C27A212A500E875C7 /* Build configuration list for PBXProject "ImageSearch" */;
			compatibilityVersion = "Xcode 13.0";
			developmentRegion = en;
			hasScannedForEncodings = 0;
			knownRegions = (
				en,
				Base,
			);
			mainGroup = C14FA93827A212A500E875C7;
			productRefGroup = C14FA94227A212A500E875C7 /* Products */;
			projectDirPath = "";
			projectRoot = "";
			targets = (
				C14FA94027A212A500E875C7 /* ImageSearch */,
				C14FA95027A212A800E875C7 /* ImageSearchTests */,
				C14FA95A27A212A800E875C7 /* ImageSearchUITests */,
			);
		};
/* End PBXProject section */

/* Begin PBXResourcesBuildPhase section */
		C14FA93F27A212A500E875C7 /* Resources */ = {
			isa = PBXResourcesBuildPhase;
			buildActionMask = 2147483647;
			files = (
				C14FA94C27A212A700E875C7 /* Preview Assets.xcassets in Resources */,
				C14FA94927A212A700E875C7 /* Assets.xcassets in Resources */,
			);
			runOnlyForDeploymentPostprocessing = 0;
		};
		C14FA94F27A212A800E875C7 /* Resources */ = {
			isa = PBXResourcesBuildPhase;
			buildActionMask = 2147483647;
			files = (
			);
			runOnlyForDeploymentPostprocessing = 0;
		};
		C14FA95927A212A800E875C7 /* Resources */ = {
			isa = PBXResourcesBuildPhase;
			buildActionMask = 2147483647;
			files = (
			);
			runOnlyForDeploymentPostprocessing = 0;
		};
/* End PBXResourcesBuildPhase section */

/* Begin PBXSourcesBuildPhase section */
		C14FA93D27A212A500E875C7 /* Sources */ = {
			isa = PBXSourcesBuildPhase;
			buildActionMask = 2147483647;
			files = (
				C14FA94727A212A500E875C7 /* ContentView.swift in Sources */,
				C14FA94527A212A500E875C7 /* ImageSearchApp.swift in Sources */,
				C14FA97527A33B0700E875C7 /* ImgurPost.swift in Sources */,
				C14FA97327A338FE00E875C7 /* ImgurImage.swift in Sources */,
				C14FA97C27A355F700E875C7 /* DetailedImageView.swift in Sources */,
				C14FA97127A337F300E875C7 /* ViewModel.swift in Sources */,
				C14FA96F27A212F100E875C7 /* ImgurService.swift in Sources */,
				C14FA97727A34A0800E875C7 /* NiceImageView.swift in Sources */,
			);
			runOnlyForDeploymentPostprocessing = 0;
		};
		C14FA94D27A212A800E875C7 /* Sources */ = {
			isa = PBXSourcesBuildPhase;
			buildActionMask = 2147483647;
			files = (
				C14FA95627A212A800E875C7 /* ImageSearchTests.swift in Sources */,
			);
			runOnlyForDeploymentPostprocessing = 0;
		};
		C14FA95727A212A800E875C7 /* Sources */ = {
			isa = PBXSourcesBuildPhase;
			buildActionMask = 2147483647;
			files = (
				C14FA96227A212A800E875C7 /* ImageSearchUITestsLaunchTests.swift in Sources */,
				C14FA96027A212A800E875C7 /* ImageSearchUITests.swift in Sources */,
			);
			runOnlyForDeploymentPostprocessing = 0;
		};
/* End PBXSourcesBuildPhase section */

/* Begin PBXTargetDependency section */
		C14FA95327A212A800E875C7 /* PBXTargetDependency */ = {
			isa = PBXTargetDependency;
			target = C14FA94027A212A500E875C7 /* ImageSearch */;
			targetProxy = C14FA95227A212A800E875C7 /* PBXContainerItemProxy */;
		};
		C14FA95D27A212A800E875C7 /* PBXTargetDependency */ = {
			isa = PBXTargetDependency;
			target = C14FA94027A212A500E875C7 /* ImageSearch */;
			targetProxy = C14FA95C27A212A800E875C7 /* PBXContainerItemProxy */;
		};
/* End PBXTargetDependency section */

/* Begin XCBuildConfiguration section */
		C14FA96327A212A800E875C7 /* Debug */ = {
			isa = XCBuildConfiguration;
			buildSettings = {
				ALWAYS_SEARCH_USER_PATHS = NO;
				CLANG_ANALYZER_NONNULL = YES;
				CLANG_ANALYZER_NUMBER_OBJECT_CONVERSION = YES_AGGRESSIVE;
				CLANG_CXX_LANGUAGE_STANDARD = "gnu++17";
				CLANG_CXX_LIBRARY = "libc++";
				CLANG_ENABLE_MODULES = YES;
				CLANG_ENABLE_OBJC_ARC = YES;
				CLANG_ENABLE_OBJC_WEAK = YES;
				CLANG_WARN_BLOCK_CAPTURE_AUTORELEASING = YES;
				CLANG_WARN_BOOL_CONVERSION = YES;
				CLANG_WARN_COMMA = YES;
				CLANG_WARN_CONSTANT_CONVERSION = YES;
				CLANG_WARN_DEPRECATED_OBJC_IMPLEMENTATIONS = YES;
				CLANG_WARN_DIRECT_OBJC_ISA_USAGE = YES_ERROR;
				CLANG_WARN_DOCUMENTATION_COMMENTS = YES;
				CLANG_WARN_EMPTY_BODY = YES;
				CLANG_WARN_ENUM_CONVERSION = YES;
				CLANG_WARN_INFINITE_RECURSION = YES;
				CLANG_WARN_INT_CONVERSION = YES;
				CLANG_WARN_NON_LITERAL_NULL_CONVERSION = YES;
				CLANG_WARN_OBJC_IMPLICIT_RETAIN_SELF = YES;
				CLANG_WARN_OBJC_LITERAL_CONVERSION = YES;
				CLANG_WARN_OBJC_ROOT_CLASS = YES_ERROR;
				CLANG_WARN_QUOTED_INCLUDE_IN_FRAMEWORK_HEADER = YES;
				CLANG_WARN_RANGE_LOOP_ANALYSIS = YES;
				CLANG_WARN_STRICT_PROTOTYPES = YES;
				CLANG_WARN_SUSPICIOUS_MOVE = YES;
				CLANG_WARN_UNGUARDED_AVAILABILITY = YES_AGGRESSIVE;
				CLANG_WARN_UNREACHABLE_CODE = YES;
				CLANG_WARN__DUPLICATE_METHOD_MATCH = YES;
				COPY_PHASE_STRIP = NO;
				DEBUG_INFORMATION_FORMAT = dwarf;
				ENABLE_STRICT_OBJC_MSGSEND = YES;
				ENABLE_TESTABILITY = YES;
				GCC_C_LANGUAGE_STANDARD = gnu11;
				GCC_DYNAMIC_NO_PIC = NO;
				GCC_NO_COMMON_BLOCKS = YES;
				GCC_OPTIMIZATION_LEVEL = 0;
				GCC_PREPROCESSOR_DEFINITIONS = (
					"DEBUG=1",
					"$(inherited)",
				);
				GCC_WARN_64_TO_32_BIT_CONVERSION = YES;
				GCC_WARN_ABOUT_RETURN_TYPE = YES_ERROR;
				GCC_WARN_UNDECLARED_SELECTOR = YES;
				GCC_WARN_UNINITIALIZED_AUTOS = YES_AGGRESSIVE;
				GCC_WARN_UNUSED_FUNCTION = YES;
				GCC_WARN_UNUSED_VARIABLE = YES;
				IPHONEOS_DEPLOYMENT_TARGET = 15.0;
				MTL_ENABLE_DEBUG_INFO = INCLUDE_SOURCE;
				MTL_FAST_MATH = YES;
				ONLY_ACTIVE_ARCH = YES;
				SDKROOT = iphoneos;
				SWIFT_ACTIVE_COMPILATION_CONDITIONS = DEBUG;
				SWIFT_OPTIMIZATION_LEVEL = "-Onone";
			};
			name = Debug;
		};
		C14FA96427A212A800E875C7 /* Release */ = {
			isa = XCBuildConfiguration;
			buildSettings = {
				ALWAYS_SEARCH_USER_PATHS = NO;
				CLANG_ANALYZER_NONNULL = YES;
				CLANG_ANALYZER_NUMBER_OBJECT_CONVERSION = YES_AGGRESSIVE;
				CLANG_CXX_LANGUAGE_STANDARD = "gnu++17";
				CLANG_CXX_LIBRARY = "libc++";
				CLANG_ENABLE_MODULES = YES;
				CLANG_ENABLE_OBJC_ARC = YES;
				CLANG_ENABLE_OBJC_WEAK = YES;
				CLANG_WARN_BLOCK_CAPTURE_AUTORELEASING = YES;
				CLANG_WARN_BOOL_CONVERSION = YES;
				CLANG_WARN_COMMA = YES;
				CLANG_WARN_CONSTANT_CONVERSION = YES;
				CLANG_WARN_DEPRECATED_OBJC_IMPLEMENTATIONS = YES;
				CLANG_WARN_DIRECT_OBJC_ISA_USAGE = YES_ERROR;
				CLANG_WARN_DOCUMENTATION_COMMENTS = YES;
				CLANG_WARN_EMPTY_BODY = YES;
				CLANG_WARN_ENUM_CONVERSION = YES;
				CLANG_WARN_INFINITE_RECURSION = YES;
				CLANG_WARN_INT_CONVERSION = YES;
				CLANG_WARN_NON_LITERAL_NULL_CONVERSION = YES;
				CLANG_WARN_OBJC_IMPLICIT_RETAIN_SELF = YES;
				CLANG_WARN_OBJC_LITERAL_CONVERSION = YES;
				CLANG_WARN_OBJC_ROOT_CLASS = YES_ERROR;
				CLANG_WARN_QUOTED_INCLUDE_IN_FRAMEWORK_HEADER = YES;
				CLANG_WARN_RANGE_LOOP_ANALYSIS = YES;
				CLANG_WARN_STRICT_PROTOTYPES = YES;
				CLANG_WARN_SUSPICIOUS_MOVE = YES;
				CLANG_WARN_UNGUARDED_AVAILABILITY = YES_AGGRESSIVE;
				CLANG_WARN_UNREACHABLE_CODE = YES;
				CLANG_WARN__DUPLICATE_METHOD_MATCH = YES;
				COPY_PHASE_STRIP = NO;
				DEBUG_INFORMATION_FORMAT = "dwarf-with-dsym";
				ENABLE_NS_ASSERTIONS = NO;
				ENABLE_STRICT_OBJC_MSGSEND = YES;
				GCC_C_LANGUAGE_STANDARD = gnu11;
				GCC_NO_COMMON_BLOCKS = YES;
				GCC_WARN_64_TO_32_BIT_CONVERSION = YES;
				GCC_WARN_ABOUT_RETURN_TYPE = YES_ERROR;
				GCC_WARN_UNDECLARED_SELECTOR = YES;
				GCC_WARN_UNINITIALIZED_AUTOS = YES_AGGRESSIVE;
				GCC_WARN_UNUSED_FUNCTION = YES;
				GCC_WARN_UNUSED_VARIABLE = YES;
				IPHONEOS_DEPLOYMENT_TARGET = 15.0;
				MTL_ENABLE_DEBUG_INFO = NO;
				MTL_FAST_MATH = YES;
				SDKROOT = iphoneos;
				SWIFT_COMPILATION_MODE = wholemodule;
				SWIFT_OPTIMIZATION_LEVEL = "-O";
				VALIDATE_PRODUCT = YES;
			};
			name = Release;
		};
		C14FA96627A212A800E875C7 /* Debug */ = {
			isa = XCBuildConfiguration;
			buildSettings = {
				ASSETCATALOG_COMPILER_APPICON_NAME = AppIcon;
				ASSETCATALOG_COMPILER_GLOBAL_ACCENT_COLOR_NAME = AccentColor;
				CODE_SIGN_STYLE = Automatic;
				CURRENT_PROJECT_VERSION = 1;
				DEVELOPMENT_ASSET_PATHS = "\"Image Search/Preview Content\"";
				DEVELOPMENT_TEAM = Z5WYFGDJMB;
				ENABLE_PREVIEWS = YES;
				GENERATE_INFOPLIST_FILE = YES;
				INFOPLIST_FILE = "Image-Search-Info.plist";
				INFOPLIST_KEY_UIApplicationSceneManifest_Generation = YES;
				INFOPLIST_KEY_UIApplicationSupportsIndirectInputEvents = YES;
				INFOPLIST_KEY_UILaunchScreen_Generation = YES;
				INFOPLIST_KEY_UISupportedInterfaceOrientations_iPad = "UIInterfaceOrientationPortrait UIInterfaceOrientationPortraitUpsideDown UIInterfaceOrientationLandscapeLeft UIInterfaceOrientationLandscapeRight";
				INFOPLIST_KEY_UISupportedInterfaceOrientations_iPhone = "UIInterfaceOrientationPortrait UIInterfaceOrientationLandscapeLeft UIInterfaceOrientationLandscapeRight";
				LD_RUNPATH_SEARCH_PATHS = (
					"$(inherited)",
					"@executable_path/Frameworks",
				);
				MARKETING_VERSION = 1.0;
				PRODUCT_BUNDLE_IDENTIFIER = "com.anthony.Image-Search";
				PRODUCT_NAME = "$(TARGET_NAME)";
				SWIFT_EMIT_LOC_STRINGS = YES;
				SWIFT_VERSION = 5.0;
				TARGETED_DEVICE_FAMILY = "1,2";
			};
			name = Debug;
		};
		C14FA96727A212A800E875C7 /* Release */ = {
			isa = XCBuildConfiguration;
			buildSettings = {
				ASSETCATALOG_COMPILER_APPICON_NAME = AppIcon;
				ASSETCATALOG_COMPILER_GLOBAL_ACCENT_COLOR_NAME = AccentColor;
				CODE_SIGN_STYLE = Automatic;
				CURRENT_PROJECT_VERSION = 1;
				DEVELOPMENT_ASSET_PATHS = "\"Image Search/Preview Content\"";
				DEVELOPMENT_TEAM = Z5WYFGDJMB;
				ENABLE_PREVIEWS = YES;
				GENERATE_INFOPLIST_FILE = YES;
				INFOPLIST_FILE = "Image-Search-Info.plist";
				INFOPLIST_KEY_UIApplicationSceneManifest_Generation = YES;
				INFOPLIST_KEY_UIApplicationSupportsIndirectInputEvents = YES;
				INFOPLIST_KEY_UILaunchScreen_Generation = YES;
				INFOPLIST_KEY_UISupportedInterfaceOrientations_iPad = "UIInterfaceOrientationPortrait UIInterfaceOrientationPortraitUpsideDown UIInterfaceOrientationLandscapeLeft UIInterfaceOrientationLandscapeRight";
				INFOPLIST_KEY_UISupportedInterfaceOrientations_iPhone = "UIInterfaceOrientationPortrait UIInterfaceOrientationLandscapeLeft UIInterfaceOrientationLandscapeRight";
				LD_RUNPATH_SEARCH_PATHS = (
					"$(inherited)",
					"@executable_path/Frameworks",
				);
				MARKETING_VERSION = 1.0;
				PRODUCT_BUNDLE_IDENTIFIER = "com.anthony.Image-Search";
				PRODUCT_NAME = "$(TARGET_NAME)";
				SWIFT_EMIT_LOC_STRINGS = YES;
				SWIFT_VERSION = 5.0;
				TARGETED_DEVICE_FAMILY = "1,2";
			};
			name = Release;
		};
		C14FA96927A212A800E875C7 /* Debug */ = {
			isa = XCBuildConfiguration;
			buildSettings = {
				ALWAYS_EMBED_SWIFT_STANDARD_LIBRARIES = YES;
				BUNDLE_LOADER = "$(TEST_HOST)";
				CODE_SIGN_STYLE = Automatic;
				CURRENT_PROJECT_VERSION = 1;
				DEVELOPMENT_TEAM = Z5WYFGDJMB;
				GENERATE_INFOPLIST_FILE = YES;
				IPHONEOS_DEPLOYMENT_TARGET = 15.2;
				MARKETING_VERSION = 1.0;
				PRODUCT_BUNDLE_IDENTIFIER = "com.anthony.Image-SearchTests";
				PRODUCT_NAME = "$(TARGET_NAME)";
				SWIFT_EMIT_LOC_STRINGS = NO;
				SWIFT_VERSION = 5.0;
				TARGETED_DEVICE_FAMILY = "1,2";
				TEST_HOST = "$(BUILT_PRODUCTS_DIR)/ImageSearch.app/ImageSearch";
			};
			name = Debug;
		};
		C14FA96A27A212A800E875C7 /* Release */ = {
			isa = XCBuildConfiguration;
			buildSettings = {
				ALWAYS_EMBED_SWIFT_STANDARD_LIBRARIES = YES;
				BUNDLE_LOADER = "$(TEST_HOST)";
				CODE_SIGN_STYLE = Automatic;
				CURRENT_PROJECT_VERSION = 1;
				DEVELOPMENT_TEAM = Z5WYFGDJMB;
				GENERATE_INFOPLIST_FILE = YES;
				IPHONEOS_DEPLOYMENT_TARGET = 15.2;
				MARKETING_VERSION = 1.0;
				PRODUCT_BUNDLE_IDENTIFIER = "com.anthony.Image-SearchTests";
				PRODUCT_NAME = "$(TARGET_NAME)";
				SWIFT_EMIT_LOC_STRINGS = NO;
				SWIFT_VERSION = 5.0;
				TARGETED_DEVICE_FAMILY = "1,2";
				TEST_HOST = "$(BUILT_PRODUCTS_DIR)/ImageSearch.app/ImageSearch";
			};
			name = Release;
		};
		C14FA96C27A212A800E875C7 /* Debug */ = {
			isa = XCBuildConfiguration;
			buildSettings = {
				ALWAYS_EMBED_SWIFT_STANDARD_LIBRARIES = YES;
				CODE_SIGN_STYLE = Automatic;
				CURRENT_PROJECT_VERSION = 1;
				DEVELOPMENT_TEAM = Z5WYFGDJMB;
				GENERATE_INFOPLIST_FILE = YES;
				MARKETING_VERSION = 1.0;
				PRODUCT_BUNDLE_IDENTIFIER = "com.anthony.Image-SearchUITests";
				PRODUCT_NAME = "$(TARGET_NAME)";
				SWIFT_EMIT_LOC_STRINGS = NO;
				SWIFT_VERSION = 5.0;
				TARGETED_DEVICE_FAMILY = "1,2";
				TEST_TARGET_NAME = "Image Search";
			};
			name = Debug;
		};
		C14FA96D27A212A800E875C7 /* Release */ = {
			isa = XCBuildConfiguration;
			buildSettings = {
				ALWAYS_EMBED_SWIFT_STANDARD_LIBRARIES = YES;
				CODE_SIGN_STYLE = Automatic;
				CURRENT_PROJECT_VERSION = 1;
				DEVELOPMENT_TEAM = Z5WYFGDJMB;
				GENERATE_INFOPLIST_FILE = YES;
				MARKETING_VERSION = 1.0;
				PRODUCT_BUNDLE_IDENTIFIER = "com.anthony.Image-SearchUITests";
				PRODUCT_NAME = "$(TARGET_NAME)";
				SWIFT_EMIT_LOC_STRINGS = NO;
				SWIFT_VERSION = 5.0;
				TARGETED_DEVICE_FAMILY = "1,2";
				TEST_TARGET_NAME = "Image Search";
			};
			name = Release;
		};
/* End XCBuildConfiguration section */

/* Begin XCConfigurationList section */
		C14FA93C27A212A500E875C7 /* Build configuration list for PBXProject "ImageSearch" */ = {
			isa = XCConfigurationList;
			buildConfigurations = (
				C14FA96327A212A800E875C7 /* Debug */,
				C14FA96427A212A800E875C7 /* Release */,
			);
			defaultConfigurationIsVisible = 0;
			defaultConfigurationName = Release;
		};
		C14FA96527A212A800E875C7 /* Build configuration list for PBXNativeTarget "ImageSearch" */ = {
			isa = XCConfigurationList;
			buildConfigurations = (
				C14FA96627A212A800E875C7 /* Debug */,
				C14FA96727A212A800E875C7 /* Release */,
			);
			defaultConfigurationIsVisible = 0;
			defaultConfigurationName = Release;
		};
		C14FA96827A212A800E875C7 /* Build configuration list for PBXNativeTarget "ImageSearchTests" */ = {
			isa = XCConfigurationList;
			buildConfigurations = (
				C14FA96927A212A800E875C7 /* Debug */,
				C14FA96A27A212A800E875C7 /* Release */,
			);
			defaultConfigurationIsVisible = 0;
			defaultConfigurationName = Release;
		};
		C14FA96B27A212A800E875C7 /* Build configuration list for PBXNativeTarget "ImageSearchUITests" */ = {
			isa = XCConfigurationList;
			buildConfigurations = (
				C14FA96C27A212A800E875C7 /* Debug */,
				C14FA96D27A212A800E875C7 /* Release */,
			);
			defaultConfigurationIsVisible = 0;
			defaultConfigurationName = Release;
		};
/* End XCConfigurationList section */
	};
	rootObject = C14FA93927A212A500E875C7 /* Project object */;
}
